
Microsoft Visual Studio Solution File, Format Version 12.00
# Visual Studio 14
VisualStudioVersion = 14.0.24720.0
MinimumVisualStudioVersion = 10.0.40219.1
Project("{FAE04EC0-301F-11D3-BF4B-00C04F79EFBC}") = "CompilersCourseWork", "CompilersCourseWork\CompilersCourseWork.csproj", "{B2E96711-D335-4B6A-9CC5-6A95F2254C04}"
EndProject
Project("{FAE04EC0-301F-11D3-BF4B-00C04F79EFBC}") = "CompilersCourseWorkTests", "CompilersCourseWorkTests\CompilersCourseWorkTests.csproj", "{0117B39F-39E1-4A14-96E3-4715EF6498B8}"
EndProject
Global
	GlobalSection(SolutionConfigurationPlatforms) = preSolution
		Debug|Any CPU = Debug|Any CPU
		Release|Any CPU = Release|Any CPU
	EndGlobalSection
	GlobalSection(ProjectConfigurationPlatforms) = postSolution
		{B2E96711-D335-4B6A-9CC5-6A95F2254C04}.Debug|Any CPU.ActiveCfg = Debug|Any CPU
		{B2E96711-D335-4B6A-9CC5-6A95F2254C04}.Debug|Any CPU.Build.0 = Debug|Any CPU
		{B2E96711-D335-4B6A-9CC5-6A95F2254C04}.Release|Any CPU.ActiveCfg = Release|Any CPU
		{B2E96711-D335-4B6A-9CC5-6A95F2254C04}.Release|Any CPU.Build.0 = Release|Any CPU
		{0117B39F-39E1-4A14-96E3-4715EF6498B8}.Debug|Any CPU.ActiveCfg = Debug|Any CPU
		{0117B39F-39E1-4A14-96E3-4715EF6498B8}.Debug|Any CPU.Build.0 = Debug|Any CPU
		{0117B39F-39E1-4A14-96E3-4715EF6498B8}.Release|Any CPU.ActiveCfg = Release|Any CPU
		{0117B39F-39E1-4A14-96E3-4715EF6498B8}.Release|Any CPU.Build.0 = Release|Any CPU
	EndGlobalSection
	GlobalSection(SolutionProperties) = preSolution
		HideSolutionNode = FALSE
	EndGlobalSection
EndGlobal
